
Microsoft Visual Studio Solution File, Format Version 12.00
# Visual Studio Version 17
VisualStudioVersion = 17.9.34622.214
MinimumVisualStudioVersion = 10.0.40219.1
Project("{9A19103F-16F7-4668-BE54-9A1E7A4F7556}") = "ApiLayer", "ApiLayer\ApiLayer.csproj", "{B8442B1B-B2D8-4951-9247-BE6D56DE0000}"
EndProject
Project("{9A19103F-16F7-4668-BE54-9A1E7A4F7556}") = "BusinessLayer", "BusinessLayer\BusinessLayer.csproj", "{1070CF0A-1AF1-452E-8F36-197562AD040A}"
EndProject
Project("{9A19103F-16F7-4668-BE54-9A1E7A4F7556}") = "DataLayer", "DataLayer\DataLayer.csproj", "{33A21A06-AAD9-4A42-9D66-FC94CDC2A7E0}"
EndProject
Project("{2150E333-8FDC-42A3-9474-1A3956D46DE8}") = "src", "src", "{6DBD4D01-A887-41AE-91CB-2FCF173489B9}"
EndProject
Project("{2150E333-8FDC-42A3-9474-1A3956D46DE8}") = "API", "API", "{99E21B80-624D-49BB-8ABE-B48BC940C3B5}"
EndProject
Project("{2150E333-8FDC-42A3-9474-1A3956D46DE8}") = "Core", "Core", "{3C260E78-7111-481F-A0F0-CC66430BD75E}"
EndProject
Project("{2150E333-8FDC-42A3-9474-1A3956D46DE8}") = "Infrastructure", "Infrastructure", "{751058CE-5904-4D64-A3FC-94824D2B1941}"
EndProject
Project("{9A19103F-16F7-4668-BE54-9A1E7A4F7556}") = "DVLD.Domain", "DVLD.Domain\DVLD.Domain.csproj", "{7278E1C6-C0D0-4F9B-91CB-F083D037E9C1}"
EndProject
Project("{9A19103F-16F7-4668-BE54-9A1E7A4F7556}") = "DVLD.Application", "DVLD.Application\DVLD.Application.csproj", "{77142222-12A6-4114-97DA-76EF13058524}"
EndProject
Project("{9A19103F-16F7-4668-BE54-9A1E7A4F7556}") = "DVLD.API", "DVLD.API\DVLD.API.csproj", "{7452E779-9164-4258-85E0-380177A9931B}"
EndProject
Project("{9A19103F-16F7-4668-BE54-9A1E7A4F7556}") = "DVLD.Persistence", "DVLD.Persistence\DVLD.Persistence.csproj", "{D26E33F0-E9D5-43C8-A423-9B128A500F6A}"
EndProject
Project("{9A19103F-16F7-4668-BE54-9A1E7A4F7556}") = "DVLD.Infrastructure", "DVLD.Infrascructure\DVLD.Infrastructure.csproj", "{1E0D828D-E973-4B52-9E2B-F717F241FE32}"
EndProject
Project("{2150E333-8FDC-42A3-9474-1A3956D46DE8}") = "Solution Items", "Solution Items", "{20E33648-3BB8-4492-8C88-36F06BAFEB6D}"
	ProjectSection(SolutionItems) = preProject
		.editorconfig = .editorconfig
	EndProjectSection
EndProject
Global
	GlobalSection(SolutionConfigurationPlatforms) = preSolution
		Debug|Any CPU = Debug|Any CPU
		Release|Any CPU = Release|Any CPU
	EndGlobalSection
	GlobalSection(ProjectConfigurationPlatforms) = postSolution
		{B8442B1B-B2D8-4951-9247-BE6D56DE0000}.Debug|Any CPU.ActiveCfg = Debug|Any CPU
		{B8442B1B-B2D8-4951-9247-BE6D56DE0000}.Debug|Any CPU.Build.0 = Debug|Any CPU
		{B8442B1B-B2D8-4951-9247-BE6D56DE0000}.Release|Any CPU.ActiveCfg = Release|Any CPU
		{B8442B1B-B2D8-4951-9247-BE6D56DE0000}.Release|Any CPU.Build.0 = Release|Any CPU
		{1070CF0A-1AF1-452E-8F36-197562AD040A}.Debug|Any CPU.ActiveCfg = Debug|Any CPU
		{1070CF0A-1AF1-452E-8F36-197562AD040A}.Debug|Any CPU.Build.0 = Debug|Any CPU
		{1070CF0A-1AF1-452E-8F36-197562AD040A}.Release|Any CPU.ActiveCfg = Release|Any CPU
		{1070CF0A-1AF1-452E-8F36-197562AD040A}.Release|Any CPU.Build.0 = Release|Any CPU
		{33A21A06-AAD9-4A42-9D66-FC94CDC2A7E0}.Debug|Any CPU.ActiveCfg = Debug|Any CPU
		{33A21A06-AAD9-4A42-9D66-FC94CDC2A7E0}.Debug|Any CPU.Build.0 = Debug|Any CPU
		{33A21A06-AAD9-4A42-9D66-FC94CDC2A7E0}.Release|Any CPU.ActiveCfg = Release|Any CPU
		{33A21A06-AAD9-4A42-9D66-FC94CDC2A7E0}.Release|Any CPU.Build.0 = Release|Any CPU
		{7278E1C6-C0D0-4F9B-91CB-F083D037E9C1}.Debug|Any CPU.ActiveCfg = Debug|Any CPU
		{7278E1C6-C0D0-4F9B-91CB-F083D037E9C1}.Debug|Any CPU.Build.0 = Debug|Any CPU
		{7278E1C6-C0D0-4F9B-91CB-F083D037E9C1}.Release|Any CPU.ActiveCfg = Release|Any CPU
		{7278E1C6-C0D0-4F9B-91CB-F083D037E9C1}.Release|Any CPU.Build.0 = Release|Any CPU
		{77142222-12A6-4114-97DA-76EF13058524}.Debug|Any CPU.ActiveCfg = Debug|Any CPU
		{77142222-12A6-4114-97DA-76EF13058524}.Debug|Any CPU.Build.0 = Debug|Any CPU
		{77142222-12A6-4114-97DA-76EF13058524}.Release|Any CPU.ActiveCfg = Release|Any CPU
		{77142222-12A6-4114-97DA-76EF13058524}.Release|Any CPU.Build.0 = Release|Any CPU
		{7452E779-9164-4258-85E0-380177A9931B}.Debug|Any CPU.ActiveCfg = Debug|Any CPU
		{7452E779-9164-4258-85E0-380177A9931B}.Debug|Any CPU.Build.0 = Debug|Any CPU
		{7452E779-9164-4258-85E0-380177A9931B}.Release|Any CPU.ActiveCfg = Release|Any CPU
		{7452E779-9164-4258-85E0-380177A9931B}.Release|Any CPU.Build.0 = Release|Any CPU
		{D26E33F0-E9D5-43C8-A423-9B128A500F6A}.Debug|Any CPU.ActiveCfg = Debug|Any CPU
		{D26E33F0-E9D5-43C8-A423-9B128A500F6A}.Debug|Any CPU.Build.0 = Debug|Any CPU
		{D26E33F0-E9D5-43C8-A423-9B128A500F6A}.Release|Any CPU.ActiveCfg = Release|Any CPU
		{D26E33F0-E9D5-43C8-A423-9B128A500F6A}.Release|Any CPU.Build.0 = Release|Any CPU
		{1E0D828D-E973-4B52-9E2B-F717F241FE32}.Debug|Any CPU.ActiveCfg = Debug|Any CPU
		{1E0D828D-E973-4B52-9E2B-F717F241FE32}.Debug|Any CPU.Build.0 = Debug|Any CPU
		{1E0D828D-E973-4B52-9E2B-F717F241FE32}.Release|Any CPU.ActiveCfg = Release|Any CPU
		{1E0D828D-E973-4B52-9E2B-F717F241FE32}.Release|Any CPU.Build.0 = Release|Any CPU
	EndGlobalSection
	GlobalSection(SolutionProperties) = preSolution
		HideSolutionNode = FALSE
	EndGlobalSection
	GlobalSection(NestedProjects) = preSolution
		{99E21B80-624D-49BB-8ABE-B48BC940C3B5} = {6DBD4D01-A887-41AE-91CB-2FCF173489B9}
		{3C260E78-7111-481F-A0F0-CC66430BD75E} = {6DBD4D01-A887-41AE-91CB-2FCF173489B9}
		{751058CE-5904-4D64-A3FC-94824D2B1941} = {6DBD4D01-A887-41AE-91CB-2FCF173489B9}
		{7278E1C6-C0D0-4F9B-91CB-F083D037E9C1} = {3C260E78-7111-481F-A0F0-CC66430BD75E}
		{77142222-12A6-4114-97DA-76EF13058524} = {3C260E78-7111-481F-A0F0-CC66430BD75E}
		{7452E779-9164-4258-85E0-380177A9931B} = {99E21B80-624D-49BB-8ABE-B48BC940C3B5}
		{D26E33F0-E9D5-43C8-A423-9B128A500F6A} = {751058CE-5904-4D64-A3FC-94824D2B1941}
		{1E0D828D-E973-4B52-9E2B-F717F241FE32} = {751058CE-5904-4D64-A3FC-94824D2B1941}
	EndGlobalSection
	GlobalSection(ExtensibilityGlobals) = postSolution
		SolutionGuid = {7C85AA2E-C068-4815-A000-E4C2EE442FB4}
	EndGlobalSection
EndGlobal
