
Microsoft Visual Studio Solution File, Format Version 12.00
# Visual Studio Version 17
VisualStudioVersion = 17.9.34622.214
MinimumVisualStudioVersion = 10.0.40219.1
Project("{9A19103F-16F7-4668-BE54-9A1E7A4F7556}") = "ApiLayer", "ApiLayer\ApiLayer.csproj", "{B8442B1B-B2D8-4951-9247-BE6D56DE0000}"
EndProject
Project("{9A19103F-16F7-4668-BE54-9A1E7A4F7556}") = "BusinessLayer", "BusinessLayer\BusinessLayer.csproj", "{1070CF0A-1AF1-452E-8F36-197562AD040A}"
EndProject
Project("{9A19103F-16F7-4668-BE54-9A1E7A4F7556}") = "DataLayer", "DataLayer\DataLayer.csproj", "{33A21A06-AAD9-4A42-9D66-FC94CDC2A7E0}"
EndProject
Global
	GlobalSection(SolutionConfigurationPlatforms) = preSolution
		Debug|Any CPU = Debug|Any CPU
		Release|Any CPU = Release|Any CPU
	EndGlobalSection
	GlobalSection(ProjectConfigurationPlatforms) = postSolution
		{B8442B1B-B2D8-4951-9247-BE6D56DE0000}.Debug|Any CPU.ActiveCfg = Debug|Any CPU
		{B8442B1B-B2D8-4951-9247-BE6D56DE0000}.Debug|Any CPU.Build.0 = Debug|Any CPU
		{B8442B1B-B2D8-4951-9247-BE6D56DE0000}.Release|Any CPU.ActiveCfg = Release|Any CPU
		{B8442B1B-B2D8-4951-9247-BE6D56DE0000}.Release|Any CPU.Build.0 = Release|Any CPU
		{1070CF0A-1AF1-452E-8F36-197562AD040A}.Debug|Any CPU.ActiveCfg = Debug|Any CPU
		{1070CF0A-1AF1-452E-8F36-197562AD040A}.Debug|Any CPU.Build.0 = Debug|Any CPU
		{1070CF0A-1AF1-452E-8F36-197562AD040A}.Release|Any CPU.ActiveCfg = Release|Any CPU
		{1070CF0A-1AF1-452E-8F36-197562AD040A}.Release|Any CPU.Build.0 = Release|Any CPU
		{33A21A06-AAD9-4A42-9D66-FC94CDC2A7E0}.Debug|Any CPU.ActiveCfg = Debug|Any CPU
		{33A21A06-AAD9-4A42-9D66-FC94CDC2A7E0}.Debug|Any CPU.Build.0 = Debug|Any CPU
		{33A21A06-AAD9-4A42-9D66-FC94CDC2A7E0}.Release|Any CPU.ActiveCfg = Release|Any CPU
		{33A21A06-AAD9-4A42-9D66-FC94CDC2A7E0}.Release|Any CPU.Build.0 = Release|Any CPU
	EndGlobalSection
	GlobalSection(SolutionProperties) = preSolution
		HideSolutionNode = FALSE
	EndGlobalSection
	GlobalSection(ExtensibilityGlobals) = postSolution
		SolutionGuid = {7C85AA2E-C068-4815-A000-E4C2EE442FB4}
	EndGlobalSection
EndGlobal
